
Microsoft Visual Studio Solution File, Format Version 12.00
# Visual Studio Version 16
VisualStudioVersion = 16.0.30907.101
MinimumVisualStudioVersion = 10.0.40219.1
Project("{FAE04EC0-301F-11D3-BF4B-00C04F79EFBC}") = "Tested", "Tested\Tested.csproj", "{5038B2F1-D3F8-459B-959C-ADAFABAFFD2F}"
EndProject
Project("{FAE04EC0-301F-11D3-BF4B-00C04F79EFBC}") = "PlusAndMinusElements", "PlusAndMinusElements\PlusAndMinusElements.csproj", "{70A84083-3086-493A-B744-C923DB12EBD3}"
EndProject
Project("{FAE04EC0-301F-11D3-BF4B-00C04F79EFBC}") = "ListOfThreeHundredNumbers", "ListOfThreeHundredNumbers\ListOfThreeHundredNumbers.csproj", "{6B0D8015-520C-443D-A6A0-BB619AE01A94}"
EndProject
Global
	GlobalSection(SolutionConfigurationPlatforms) = preSolution
		Debug|Any CPU = Debug|Any CPU
		Release|Any CPU = Release|Any CPU
	EndGlobalSection
	GlobalSection(ProjectConfigurationPlatforms) = postSolution
		{5038B2F1-D3F8-459B-959C-ADAFABAFFD2F}.Debug|Any CPU.ActiveCfg = Debug|Any CPU
		{5038B2F1-D3F8-459B-959C-ADAFABAFFD2F}.Debug|Any CPU.Build.0 = Debug|Any CPU
		{5038B2F1-D3F8-459B-959C-ADAFABAFFD2F}.Release|Any CPU.ActiveCfg = Release|Any CPU
		{5038B2F1-D3F8-459B-959C-ADAFABAFFD2F}.Release|Any CPU.Build.0 = Release|Any CPU
		{70A84083-3086-493A-B744-C923DB12EBD3}.Debug|Any CPU.ActiveCfg = Debug|Any CPU
		{70A84083-3086-493A-B744-C923DB12EBD3}.Debug|Any CPU.Build.0 = Debug|Any CPU
		{70A84083-3086-493A-B744-C923DB12EBD3}.Release|Any CPU.ActiveCfg = Release|Any CPU
		{70A84083-3086-493A-B744-C923DB12EBD3}.Release|Any CPU.Build.0 = Release|Any CPU
		{6B0D8015-520C-443D-A6A0-BB619AE01A94}.Debug|Any CPU.ActiveCfg = Debug|Any CPU
		{6B0D8015-520C-443D-A6A0-BB619AE01A94}.Debug|Any CPU.Build.0 = Debug|Any CPU
		{6B0D8015-520C-443D-A6A0-BB619AE01A94}.Release|Any CPU.ActiveCfg = Release|Any CPU
		{6B0D8015-520C-443D-A6A0-BB619AE01A94}.Release|Any CPU.Build.0 = Release|Any CPU
	EndGlobalSection
	GlobalSection(SolutionProperties) = preSolution
		HideSolutionNode = FALSE
	EndGlobalSection
	GlobalSection(ExtensibilityGlobals) = postSolution
		SolutionGuid = {46A7CADC-97DE-4148-BC2B-06F293692816}
	EndGlobalSection
EndGlobal
